{
    "version": 3,
    "terraform_version": "0.11.5",
    "serial": 15,
    "lineage": "db70ac19-add3-4fbb-acfc-e024152c2a93",
    "modules": [
        {
            "path": [
                "root"
            ],
            "outputs": {
                "IP Address": {
                    "sensitive": false,
                    "type": "string",
                    "value": "172.17.0.2"
                },
                "container_name": {
                    "sensitive": false,
                    "type": "string",
                    "value": "blog"
                }
            },
            "resources": {},
            "depends_on": []
        },
        {
            "path": [
                "root",
                "container"
            ],
            "outputs": {
                "container_name": {
                    "sensitive": false,
                    "type": "string",
                    "value": "blog"
                },
                "ip_address": {
                    "sensitive": false,
                    "type": "string",
                    "value": "172.17.0.2"
                }
            },
            "resources": {
                "docker_container.container_id": {
                    "type": "docker_container",
                    "depends_on": [],
                    "primary": {
                        "id": "f47ad3d552b61d293856b023971e2923164f63afccee7601ddc19ac2d20b9be1",
                        "attributes": {
                            "bridge": "",
                            "gateway": "172.17.0.1",
                            "id": "f47ad3d552b61d293856b023971e2923164f63afccee7601ddc19ac2d20b9be1",
                            "image": "sha256:75330bf68e42823a8fe8e67cf2ce3241753021bdea343cda14700e48731f3759",
                            "ip_address": "172.17.0.2",
                            "ip_prefix_length": "16",
                            "log_driver": "json-file",
                            "must_run": "true",
                            "name": "blog",
                            "ports.#": "1",
                            "ports.2074585987.external": "80",
                            "ports.2074585987.internal": "2368",
                            "ports.2074585987.ip": "",
                            "ports.2074585987.protocol": "tcp",
                            "restart": "no"
                        },
                        "meta": {},
                        "tainted": false
                    },
                    "deposed": [],
                    "provider": "provider.docker"
                }
            },
            "depends_on": []
        },
        {
            "path": [
                "root",
                "image"
            ],
            "outputs": {
                "image_out": {
                    "sensitive": false,
                    "type": "string",
                    "value": "sha256:75330bf68e42823a8fe8e67cf2ce3241753021bdea343cda14700e48731f3759"
                }
            },
            "resources": {
                "docker_image.image_id": {
                    "type": "docker_image",
                    "depends_on": [],
                    "primary": {
                        "id": "sha256:75330bf68e42823a8fe8e67cf2ce3241753021bdea343cda14700e48731f3759ghost:latest",
                        "attributes": {
                            "id": "sha256:75330bf68e42823a8fe8e67cf2ce3241753021bdea343cda14700e48731f3759ghost:latest",
                            "latest": "sha256:75330bf68e42823a8fe8e67cf2ce3241753021bdea343cda14700e48731f3759",
                            "name": "ghost:latest"
                        },
                        "meta": {},
                        "tainted": false
                    },
                    "deposed": [],
                    "provider": "provider.docker"
                }
            },
            "depends_on": []
        }
    ]
}
